
Microsoft Visual Studio Solution File, Format Version 12.00
# Visual Studio 14
VisualStudioVersion = 14.0.25420.1
MinimumVisualStudioVersion = 10.0.40219.1
Project("{FAE04EC0-301F-11D3-BF4B-00C04F79EFBC}") = "Student_Management_API_MVC", "Student_Management_API_MVC\Student_Management_API_MVC.csproj", "{D1D22C33-CE5E-4A78-816B-42A436621891}"
EndProject
Global
	GlobalSection(SolutionConfigurationPlatforms) = preSolution
		Debug|Any CPU = Debug|Any CPU
		Release|Any CPU = Release|Any CPU
	EndGlobalSection
	GlobalSection(ProjectConfigurationPlatforms) = postSolution
		{D1D22C33-CE5E-4A78-816B-42A436621891}.Debug|Any CPU.ActiveCfg = Debug|Any CPU
		{D1D22C33-CE5E-4A78-816B-42A436621891}.Debug|Any CPU.Build.0 = Debug|Any CPU
		{D1D22C33-CE5E-4A78-816B-42A436621891}.Release|Any CPU.ActiveCfg = Release|Any CPU
		{D1D22C33-CE5E-4A78-816B-42A436621891}.Release|Any CPU.Build.0 = Release|Any CPU
	EndGlobalSection
	GlobalSection(SolutionProperties) = preSolution
		HideSolutionNode = FALSE
	EndGlobalSection
EndGlobal
